# This file is automatically @generated by Cargo.
# It is not intended for manual editing.
version = 3

[[package]]
name = "euler"
version = "0.1.0"
dependencies = [
 "lazy_static",
 "round",
]

[[package]]
name = "lazy_static"
version = "1.4.0"
source = "registry+https://github.com/rust-lang/crates.io-index"
checksum = "e2abad23fbc42b3700f2f279844dc832adb2b2eb069b2df918f455c4e18cc646"

[[package]]
name = "round"
version = "0.1.2"
source = "registry+https://github.com/rust-lang/crates.io-index"
checksum = "b02705db4fa872ae37e464fc803b7ffa574e6c4a5e112c52a82550f9dd63b657"
